
Microsoft Visual Studio Solution File, Format Version 12.00
# Visual Studio Version 17
VisualStudioVersion = 17.9.34622.214
MinimumVisualStudioVersion = 10.0.40219.1
Project("{2150E333-8FDC-42A3-9474-1A3956D46DE8}") = "Services", "Services", "{913F433F-0553-4270-A248-F1CDE7C7448F}"
EndProject
Project("{2150E333-8FDC-42A3-9474-1A3956D46DE8}") = "Catalog", "Catalog", "{1632735E-6992-4188-A156-C8F67CC7B8F1}"
EndProject
Project("{9A19103F-16F7-4668-BE54-9A1E7A4F7556}") = "CatalogAPI", "Services\Catalog\CatalogAPI\CatalogAPI.csproj", "{3B718703-7B4B-47E4-9518-3D40890497EF}"
EndProject
Project("{2150E333-8FDC-42A3-9474-1A3956D46DE8}") = "BuildingBlocks", "BuildingBlocks", "{962D89C1-12C6-4161-8BB8-81EA58340F6D}"
EndProject
Project("{9A19103F-16F7-4668-BE54-9A1E7A4F7556}") = "BuildingBlocks", "BuildingBlocks\BuildingBlocks\BuildingBlocks.csproj", "{C7E978C6-C662-40DB-95AD-0126D603F108}"
EndProject
Project("{E53339B2-1760-4266-BCC7-CA923CBCF16C}") = "docker-compose", "docker-compose.dcproj", "{40384FAC-7333-4763-A6EA-3C02487135A1}"
EndProject
Project("{2150E333-8FDC-42A3-9474-1A3956D46DE8}") = "Basket", "Basket", "{CFE0AD20-5B96-4F53-9E32-098060AD3940}"
EndProject
Project("{9A19103F-16F7-4668-BE54-9A1E7A4F7556}") = "Basket.API", "Services\Basket\Basket.API\Basket.API.csproj", "{57A2A91B-2F4E-4C9F-9BBC-F4E75F0FBFEE}"
EndProject
Project("{2150E333-8FDC-42A3-9474-1A3956D46DE8}") = "Discount", "Discount", "{2FCE5CC0-43D5-4C0F-ADC8-2D88826286AC}"
EndProject
Project("{FAE04EC0-301F-11D3-BF4B-00C04F79EFBC}") = "Discount.Grpc", "Services\Discount\Discount.Grpc\Discount.Grpc.csproj", "{7C55776B-E4CE-4B67-BC2F-D75EF511A3A3}"
EndProject
Project("{2150E333-8FDC-42A3-9474-1A3956D46DE8}") = "Ordering", "Ordering", "{60C1D98A-EB4F-4E31-93D3-8F0429E2C372}"
EndProject
Project("{FAE04EC0-301F-11D3-BF4B-00C04F79EFBC}") = "Ordering.API", "Services\Ordering\Ordering.API\Ordering.API.csproj", "{A84F57C1-A1CB-4128-9A33-655267E90D2C}"
EndProject
Project("{FAE04EC0-301F-11D3-BF4B-00C04F79EFBC}") = "Ordering.Domain", "Services\Ordering\Ordering.Domain\Ordering.Domain.csproj", "{C0BE8636-C055-446F-8BF3-29952B591EA7}"
EndProject
Project("{FAE04EC0-301F-11D3-BF4B-00C04F79EFBC}") = "Ordering.Application", "Services\Ordering\Ordering.Application\Ordering.Application.csproj", "{EC89ABA4-41B4-42E6-919C-2ABA92D763E3}"
EndProject
Project("{FAE04EC0-301F-11D3-BF4B-00C04F79EFBC}") = "Ordering.Infrastructure", "..\Ordering.Infrastructure\Ordering.Infrastructure.csproj", "{2A8171A6-EE73-443B-90FE-D330C8F02D5B}"
EndProject
Global
	GlobalSection(SolutionConfigurationPlatforms) = preSolution
		Debug|Any CPU = Debug|Any CPU
		Release|Any CPU = Release|Any CPU
	EndGlobalSection
	GlobalSection(ProjectConfigurationPlatforms) = postSolution
		{3B718703-7B4B-47E4-9518-3D40890497EF}.Debug|Any CPU.ActiveCfg = Debug|Any CPU
		{3B718703-7B4B-47E4-9518-3D40890497EF}.Debug|Any CPU.Build.0 = Debug|Any CPU
		{3B718703-7B4B-47E4-9518-3D40890497EF}.Release|Any CPU.ActiveCfg = Release|Any CPU
		{3B718703-7B4B-47E4-9518-3D40890497EF}.Release|Any CPU.Build.0 = Release|Any CPU
		{C7E978C6-C662-40DB-95AD-0126D603F108}.Debug|Any CPU.ActiveCfg = Debug|Any CPU
		{C7E978C6-C662-40DB-95AD-0126D603F108}.Debug|Any CPU.Build.0 = Debug|Any CPU
		{C7E978C6-C662-40DB-95AD-0126D603F108}.Release|Any CPU.ActiveCfg = Release|Any CPU
		{C7E978C6-C662-40DB-95AD-0126D603F108}.Release|Any CPU.Build.0 = Release|Any CPU
		{40384FAC-7333-4763-A6EA-3C02487135A1}.Debug|Any CPU.ActiveCfg = Debug|Any CPU
		{40384FAC-7333-4763-A6EA-3C02487135A1}.Debug|Any CPU.Build.0 = Debug|Any CPU
		{40384FAC-7333-4763-A6EA-3C02487135A1}.Release|Any CPU.ActiveCfg = Release|Any CPU
		{40384FAC-7333-4763-A6EA-3C02487135A1}.Release|Any CPU.Build.0 = Release|Any CPU
		{57A2A91B-2F4E-4C9F-9BBC-F4E75F0FBFEE}.Debug|Any CPU.ActiveCfg = Debug|Any CPU
		{57A2A91B-2F4E-4C9F-9BBC-F4E75F0FBFEE}.Debug|Any CPU.Build.0 = Debug|Any CPU
		{57A2A91B-2F4E-4C9F-9BBC-F4E75F0FBFEE}.Release|Any CPU.ActiveCfg = Release|Any CPU
		{57A2A91B-2F4E-4C9F-9BBC-F4E75F0FBFEE}.Release|Any CPU.Build.0 = Release|Any CPU
		{7C55776B-E4CE-4B67-BC2F-D75EF511A3A3}.Debug|Any CPU.ActiveCfg = Debug|Any CPU
		{7C55776B-E4CE-4B67-BC2F-D75EF511A3A3}.Debug|Any CPU.Build.0 = Debug|Any CPU
		{7C55776B-E4CE-4B67-BC2F-D75EF511A3A3}.Release|Any CPU.ActiveCfg = Release|Any CPU
		{7C55776B-E4CE-4B67-BC2F-D75EF511A3A3}.Release|Any CPU.Build.0 = Release|Any CPU
		{A84F57C1-A1CB-4128-9A33-655267E90D2C}.Debug|Any CPU.ActiveCfg = Debug|Any CPU
		{A84F57C1-A1CB-4128-9A33-655267E90D2C}.Debug|Any CPU.Build.0 = Debug|Any CPU
		{A84F57C1-A1CB-4128-9A33-655267E90D2C}.Release|Any CPU.ActiveCfg = Release|Any CPU
		{A84F57C1-A1CB-4128-9A33-655267E90D2C}.Release|Any CPU.Build.0 = Release|Any CPU
		{C0BE8636-C055-446F-8BF3-29952B591EA7}.Debug|Any CPU.ActiveCfg = Debug|Any CPU
		{C0BE8636-C055-446F-8BF3-29952B591EA7}.Debug|Any CPU.Build.0 = Debug|Any CPU
		{C0BE8636-C055-446F-8BF3-29952B591EA7}.Release|Any CPU.ActiveCfg = Release|Any CPU
		{C0BE8636-C055-446F-8BF3-29952B591EA7}.Release|Any CPU.Build.0 = Release|Any CPU
		{EC89ABA4-41B4-42E6-919C-2ABA92D763E3}.Debug|Any CPU.ActiveCfg = Debug|Any CPU
		{EC89ABA4-41B4-42E6-919C-2ABA92D763E3}.Debug|Any CPU.Build.0 = Debug|Any CPU
		{EC89ABA4-41B4-42E6-919C-2ABA92D763E3}.Release|Any CPU.ActiveCfg = Release|Any CPU
		{EC89ABA4-41B4-42E6-919C-2ABA92D763E3}.Release|Any CPU.Build.0 = Release|Any CPU
		{2A8171A6-EE73-443B-90FE-D330C8F02D5B}.Debug|Any CPU.ActiveCfg = Debug|Any CPU
		{2A8171A6-EE73-443B-90FE-D330C8F02D5B}.Debug|Any CPU.Build.0 = Debug|Any CPU
		{2A8171A6-EE73-443B-90FE-D330C8F02D5B}.Release|Any CPU.ActiveCfg = Release|Any CPU
		{2A8171A6-EE73-443B-90FE-D330C8F02D5B}.Release|Any CPU.Build.0 = Release|Any CPU
	EndGlobalSection
	GlobalSection(SolutionProperties) = preSolution
		HideSolutionNode = FALSE
	EndGlobalSection
	GlobalSection(NestedProjects) = preSolution
		{1632735E-6992-4188-A156-C8F67CC7B8F1} = {913F433F-0553-4270-A248-F1CDE7C7448F}
		{3B718703-7B4B-47E4-9518-3D40890497EF} = {1632735E-6992-4188-A156-C8F67CC7B8F1}
		{C7E978C6-C662-40DB-95AD-0126D603F108} = {962D89C1-12C6-4161-8BB8-81EA58340F6D}
		{CFE0AD20-5B96-4F53-9E32-098060AD3940} = {913F433F-0553-4270-A248-F1CDE7C7448F}
		{57A2A91B-2F4E-4C9F-9BBC-F4E75F0FBFEE} = {CFE0AD20-5B96-4F53-9E32-098060AD3940}
		{2FCE5CC0-43D5-4C0F-ADC8-2D88826286AC} = {913F433F-0553-4270-A248-F1CDE7C7448F}
		{7C55776B-E4CE-4B67-BC2F-D75EF511A3A3} = {2FCE5CC0-43D5-4C0F-ADC8-2D88826286AC}
		{60C1D98A-EB4F-4E31-93D3-8F0429E2C372} = {913F433F-0553-4270-A248-F1CDE7C7448F}
		{A84F57C1-A1CB-4128-9A33-655267E90D2C} = {60C1D98A-EB4F-4E31-93D3-8F0429E2C372}
		{C0BE8636-C055-446F-8BF3-29952B591EA7} = {60C1D98A-EB4F-4E31-93D3-8F0429E2C372}
		{EC89ABA4-41B4-42E6-919C-2ABA92D763E3} = {60C1D98A-EB4F-4E31-93D3-8F0429E2C372}
		{2A8171A6-EE73-443B-90FE-D330C8F02D5B} = {60C1D98A-EB4F-4E31-93D3-8F0429E2C372}
	EndGlobalSection
	GlobalSection(ExtensibilityGlobals) = postSolution
		SolutionGuid = {E9A587A5-DDDF-43AE-976F-344A31F982ED}
	EndGlobalSection
EndGlobal
